
Microsoft Visual Studio Solution File, Format Version 12.00
# Visual Studio Express 2012 for Windows Desktop
Project("{FAE04EC0-301F-11D3-BF4B-00C04F79EFBC}") = "HelloGit", "HelloGit\HelloGit.csproj", "{1DD9F22D-D3F7-47BE-A050-F22ACB86144D}"
EndProject
Global
	GlobalSection(SolutionConfigurationPlatforms) = preSolution
		Debug|Any CPU = Debug|Any CPU
		Release|Any CPU = Release|Any CPU
	EndGlobalSection
	GlobalSection(ProjectConfigurationPlatforms) = postSolution
		{1DD9F22D-D3F7-47BE-A050-F22ACB86144D}.Debug|Any CPU.ActiveCfg = Debug|Any CPU
		{1DD9F22D-D3F7-47BE-A050-F22ACB86144D}.Debug|Any CPU.Build.0 = Debug|Any CPU
		{1DD9F22D-D3F7-47BE-A050-F22ACB86144D}.Release|Any CPU.ActiveCfg = Release|Any CPU
		{1DD9F22D-D3F7-47BE-A050-F22ACB86144D}.Release|Any CPU.Build.0 = Release|Any CPU
	EndGlobalSection
	GlobalSection(SolutionProperties) = preSolution
		HideSolutionNode = FALSE
	EndGlobalSection
EndGlobal
